
Microsoft Visual Studio Solution File, Format Version 12.00
# Visual Studio 15
VisualStudioVersion = 15.0.28307.271
MinimumVisualStudioVersion = 10.0.40219.1
Project("{FAE04EC0-301F-11D3-BF4B-00C04F79EFBC}") = "StateAuction_Uz", "StateAuction_Uz\StateAuction_Uz.csproj", "{EABAD0FD-56BE-442A-9E64-DBE3C1D17470}"
EndProject
Global
	GlobalSection(SolutionConfigurationPlatforms) = preSolution
		Debug|Any CPU = Debug|Any CPU
		Release|Any CPU = Release|Any CPU
	EndGlobalSection
	GlobalSection(ProjectConfigurationPlatforms) = postSolution
		{EABAD0FD-56BE-442A-9E64-DBE3C1D17470}.Debug|Any CPU.ActiveCfg = Debug|Any CPU
		{EABAD0FD-56BE-442A-9E64-DBE3C1D17470}.Debug|Any CPU.Build.0 = Debug|Any CPU
		{EABAD0FD-56BE-442A-9E64-DBE3C1D17470}.Release|Any CPU.ActiveCfg = Release|Any CPU
		{EABAD0FD-56BE-442A-9E64-DBE3C1D17470}.Release|Any CPU.Build.0 = Release|Any CPU
	EndGlobalSection
	GlobalSection(SolutionProperties) = preSolution
		HideSolutionNode = FALSE
	EndGlobalSection
	GlobalSection(ExtensibilityGlobals) = postSolution
		SolutionGuid = {AA5007C5-2A8C-4FE6-A541-D40E45F9CE89}
	EndGlobalSection
EndGlobal
